
Microsoft Visual Studio Solution File, Format Version 12.00
# Visual Studio Version 16
VisualStudioVersion = 16.0.29306.81
MinimumVisualStudioVersion = 10.0.40219.1
Project("{8BC9CEB8-8B4A-11D0-8D11-00A0C91BC942}") = "ytools", "ytools\ytools.vcxproj", "{5052F26E-C42C-4878-AE55-A600230FAE57}"
EndProject
Global
	GlobalSection(SolutionConfigurationPlatforms) = preSolution
		Debug|x64 = Debug|x64
		Debug|x86 = Debug|x86
		Release|x64 = Release|x64
		Release|x86 = Release|x86
	EndGlobalSection
	GlobalSection(ProjectConfigurationPlatforms) = postSolution
		{5052F26E-C42C-4878-AE55-A600230FAE57}.Debug|x64.ActiveCfg = Debug|x64
		{5052F26E-C42C-4878-AE55-A600230FAE57}.Debug|x64.Build.0 = Debug|x64
		{5052F26E-C42C-4878-AE55-A600230FAE57}.Debug|x86.ActiveCfg = Debug|Win32
		{5052F26E-C42C-4878-AE55-A600230FAE57}.Debug|x86.Build.0 = Debug|Win32
		{5052F26E-C42C-4878-AE55-A600230FAE57}.Release|x64.ActiveCfg = Release|x64
		{5052F26E-C42C-4878-AE55-A600230FAE57}.Release|x64.Build.0 = Release|x64
		{5052F26E-C42C-4878-AE55-A600230FAE57}.Release|x86.ActiveCfg = Release|Win32
		{5052F26E-C42C-4878-AE55-A600230FAE57}.Release|x86.Build.0 = Release|Win32
	EndGlobalSection
	GlobalSection(SolutionProperties) = preSolution
		HideSolutionNode = FALSE
	EndGlobalSection
	GlobalSection(ExtensibilityGlobals) = postSolution
		SolutionGuid = {1F9D3E14-E145-47FF-A305-8CD6D7EAF170}
	EndGlobalSection
EndGlobal
